{
  "name": "azul-cerezo",
  "lockfileVersion": 3,
  "requires": true,
  "packages": {
    "": {
      "name": "azul-cerezo",
      "workspaces": [
        "apps/web",
        "apps/api",
        "packages/database"
      ],
      "engines": {
        "node": ">=20"
      }
    },
    "apps/api": {
      "name": "@azul/api"
    },
    "apps/web": {
      "name": "@azul/web"
    },
    "node_modules/@azul/api": {
      "resolved": "apps/api",
      "link": true
    },
    "node_modules/@azul/database": {
      "resolved": "packages/database",
      "link": true
    },
    "node_modules/@azul/web": {
      "resolved": "apps/web",
      "link": true
    },
    "packages/database": {
      "name": "@azul/database"
    }
  }
}
